
Microsoft Visual Studio Solution File, Format Version 12.00
# Visual Studio 15
VisualStudioVersion = 15.0.28307.168
MinimumVisualStudioVersion = 10.0.40219.1
Project("{FAE04EC0-301F-11D3-BF4B-00C04F79EFBC}") = "Assignment - 1 - solution", "Assignment - 1 - solution\Assignment - 1 - solution.csproj", "{39BFFE0D-0099-4B6B-A5B8-D6586D721CB3}"
EndProject
Global
	GlobalSection(SolutionConfigurationPlatforms) = preSolution
		Debug|Any CPU = Debug|Any CPU
		Release|Any CPU = Release|Any CPU
	EndGlobalSection
	GlobalSection(ProjectConfigurationPlatforms) = postSolution
		{39BFFE0D-0099-4B6B-A5B8-D6586D721CB3}.Debug|Any CPU.ActiveCfg = Debug|Any CPU
		{39BFFE0D-0099-4B6B-A5B8-D6586D721CB3}.Debug|Any CPU.Build.0 = Debug|Any CPU
		{39BFFE0D-0099-4B6B-A5B8-D6586D721CB3}.Release|Any CPU.ActiveCfg = Release|Any CPU
		{39BFFE0D-0099-4B6B-A5B8-D6586D721CB3}.Release|Any CPU.Build.0 = Release|Any CPU
	EndGlobalSection
	GlobalSection(SolutionProperties) = preSolution
		HideSolutionNode = FALSE
	EndGlobalSection
	GlobalSection(ExtensibilityGlobals) = postSolution
		SolutionGuid = {03823D50-A92F-4942-8F89-5F12315CE0E3}
	EndGlobalSection
EndGlobal
